
Microsoft Visual Studio Solution File, Format Version 12.00
# Visual Studio Version 16
VisualStudioVersion = 16.0.31729.503
MinimumVisualStudioVersion = 10.0.40219.1
Project("{FAE04EC0-301F-11D3-BF4B-00C04F79EFBC}") = "Geometrie", "Geometrie.csproj", "{98438B3A-C384-4654-A77C-0CDFB278B0EB}"
EndProject
Global
	GlobalSection(SolutionConfigurationPlatforms) = preSolution
		Debug|Any CPU = Debug|Any CPU
		Release|Any CPU = Release|Any CPU
	EndGlobalSection
	GlobalSection(ProjectConfigurationPlatforms) = postSolution
		{98438B3A-C384-4654-A77C-0CDFB278B0EB}.Debug|Any CPU.ActiveCfg = Debug|Any CPU
		{98438B3A-C384-4654-A77C-0CDFB278B0EB}.Debug|Any CPU.Build.0 = Debug|Any CPU
		{98438B3A-C384-4654-A77C-0CDFB278B0EB}.Release|Any CPU.ActiveCfg = Release|Any CPU
		{98438B3A-C384-4654-A77C-0CDFB278B0EB}.Release|Any CPU.Build.0 = Release|Any CPU
	EndGlobalSection
	GlobalSection(SolutionProperties) = preSolution
		HideSolutionNode = FALSE
	EndGlobalSection
	GlobalSection(ExtensibilityGlobals) = postSolution
		SolutionGuid = {5118ED08-616E-41EC-A9AA-C28862B18422}
	EndGlobalSection
EndGlobal
